// !$*UTF8*$!
{
	archiveVersion = 1;
	classes = {
	};
	objectVersion = 46;
	objects = {

/* Begin PBXBuildFile section */
		9E56273B1DF1C8AC00305554 /* UsefulFunctions.txt in Resources */ = {isa = PBXBuildFile; fileRef = 9E56273A1DF1C8AC00305554 /* UsefulFunctions.txt */; };
		9E6144C91DEE5EFE00E610A2 /* AppDelegate.swift in Sources */ = {isa = PBXBuildFile; fileRef = 9E6144C81DEE5EFE00E610A2 /* AppDelegate.swift */; };
		9E6144CB1DEE5EFE00E610A2 /* CatPhotosViewController.swift in Sources */ = {isa = PBXBuildFile; fileRef = 9E6144CA1DEE5EFE00E610A2 /* CatPhotosViewController.swift */; };
		9E6144CD1DEE5EFE00E610A2 /* MyCatsViewController.swift in Sources */ = {isa = PBXBuildFile; fileRef = 9E6144CC1DEE5EFE00E610A2 /* MyCatsViewController.swift */; };
		9E6144D01DEE5EFE00E610A2 /* Main.storyboard in Resources */ = {isa = PBXBuildFile; fileRef = 9E6144CE1DEE5EFE00E610A2 /* Main.storyboard */; };
		9E6144D21DEE5EFE00E610A2 /* Assets.xcassets in Resources */ = {isa = PBXBuildFile; fileRef = 9E6144D11DEE5EFE00E610A2 /* Assets.xcassets */; };
		9E6144D51DEE5EFE00E610A2 /* LaunchScreen.storyboard in Resources */ = {isa = PBXBuildFile; fileRef = 9E6144D31DEE5EFE00E610A2 /* LaunchScreen.storyboard */; };
		9E6144E01DEE626800E610A2 /* CatPhotoCell.swift in Sources */ = {isa = PBXBuildFile; fileRef = 9E6144DF1DEE626800E610A2 /* CatPhotoCell.swift */; };
		9EC4EFFA1DEE6CE200535A41 /* CatDetailViewController.swift in Sources */ = {isa = PBXBuildFile; fileRef = 9EC4EFF91DEE6CE200535A41 /* CatDetailViewController.swift */; };
		9EC4EFFC1DEE748B00535A41 /* MyCatCell.swift in Sources */ = {isa = PBXBuildFile; fileRef = 9EC4EFFB1DEE748B00535A41 /* MyCatCell.swift */; };
		9EC4F0051DEE9DBD00535A41 /* Model.xcdatamodeld in Sources */ = {isa = PBXBuildFile; fileRef = 9EC4F0031DEE9DBD00535A41 /* Model.xcdatamodeld */; };
/* End PBXBuildFile section */

/* Begin PBXFileReference section */
		9E56273A1DF1C8AC00305554 /* UsefulFunctions.txt */ = {isa = PBXFileReference; fileEncoding = 4; lastKnownFileType = text; path = UsefulFunctions.txt; sourceTree = "<group>"; };
		9E6144C51DEE5EFE00E610A2 /* CoreDataFuntimes.app */ = {isa = PBXFileReference; explicitFileType = wrapper.application; includeInIndex = 0; path = CoreDataFuntimes.app; sourceTree = BUILT_PRODUCTS_DIR; };
		9E6144C81DEE5EFE00E610A2 /* AppDelegate.swift */ = {isa = PBXFileReference; lastKnownFileType = sourcecode.swift; path = AppDelegate.swift; sourceTree = "<group>"; };
		9E6144CA1DEE5EFE00E610A2 /* CatPhotosViewController.swift */ = {isa = PBXFileReference; lastKnownFileType = sourcecode.swift; path = CatPhotosViewController.swift; sourceTree = "<group>"; };
		9E6144CC1DEE5EFE00E610A2 /* MyCatsViewController.swift */ = {isa = PBXFileReference; lastKnownFileType = sourcecode.swift; path = MyCatsViewController.swift; sourceTree = "<group>"; };
		9E6144CF1DEE5EFE00E610A2 /* Base */ = {isa = PBXFileReference; lastKnownFileType = file.storyboard; name = Base; path = Base.lproj/Main.storyboard; sourceTree = "<group>"; };
		9E6144D11DEE5EFE00E610A2 /* Assets.xcassets */ = {isa = PBXFileReference; lastKnownFileType = folder.assetcatalog; path = Assets.xcassets; sourceTree = "<group>"; };
		9E6144D41DEE5EFE00E610A2 /* Base */ = {isa = PBXFileReference; lastKnownFileType = file.storyboard; name = Base; path = Base.lproj/LaunchScreen.storyboard; sourceTree = "<group>"; };
		9E6144D61DEE5EFE00E610A2 /* Info.plist */ = {isa = PBXFileReference; lastKnownFileType = text.plist.xml; path = Info.plist; sourceTree = "<group>"; };
		9E6144DF1DEE626800E610A2 /* CatPhotoCell.swift */ = {isa = PBXFileReference; fileEncoding = 4; lastKnownFileType = sourcecode.swift; path = CatPhotoCell.swift; sourceTree = "<group>"; };
		9EC4EFF91DEE6CE200535A41 /* CatDetailViewController.swift */ = {isa = PBXFileReference; fileEncoding = 4; lastKnownFileType = sourcecode.swift; path = CatDetailViewController.swift; sourceTree = "<group>"; };
		9EC4EFFB1DEE748B00535A41 /* MyCatCell.swift */ = {isa = PBXFileReference; fileEncoding = 4; lastKnownFileType = sourcecode.swift; path = MyCatCell.swift; sourceTree = "<group>"; };
		9EC4F0041DEE9DBD00535A41 /* Model.xcdatamodel */ = {isa = PBXFileReference; lastKnownFileType = wrapper.xcdatamodel; path = Model.xcdatamodel; sourceTree = "<group>"; };
/* End PBXFileReference section */

/* Begin PBXFrameworksBuildPhase section */
		9E6144C21DEE5EFE00E610A2 /* Frameworks */ = {
			isa = PBXFrameworksBuildPhase;
			buildActionMask = 2147483647;
			files = (
			);
			runOnlyForDeploymentPostprocessing = 0;
		};
/* End PBXFrameworksBuildPhase section */

/* Begin PBXGroup section */
		9E6144BC1DEE5EFE00E610A2 = {
			isa = PBXGroup;
			children = (
				9E6144C71DEE5EFE00E610A2 /* CoreDataFuntimes */,
				9E6144C61DEE5EFE00E610A2 /* Products */,
			);
			sourceTree = "<group>";
		};
		9E6144C61DEE5EFE00E610A2 /* Products */ = {
			isa = PBXGroup;
			children = (
				9E6144C51DEE5EFE00E610A2 /* CoreDataFuntimes.app */,
			);
			name = Products;
			sourceTree = "<group>";
		};
		9E6144C71DEE5EFE00E610A2 /* CoreDataFuntimes */ = {
			isa = PBXGroup;
			children = (
				9E6144C81DEE5EFE00E610A2 /* AppDelegate.swift */,
				9E6144CA1DEE5EFE00E610A2 /* CatPhotosViewController.swift */,
				9E6144CC1DEE5EFE00E610A2 /* MyCatsViewController.swift */,
				9E6144DF1DEE626800E610A2 /* CatPhotoCell.swift */,
				9E6144CE1DEE5EFE00E610A2 /* Main.storyboard */,
				9EC4F0031DEE9DBD00535A41 /* Model.xcdatamodeld */,
				9E6144D11DEE5EFE00E610A2 /* Assets.xcassets */,
				9E6144D31DEE5EFE00E610A2 /* LaunchScreen.storyboard */,
				9E6144D61DEE5EFE00E610A2 /* Info.plist */,
				9EC4EFF91DEE6CE200535A41 /* CatDetailViewController.swift */,
				9EC4EFFB1DEE748B00535A41 /* MyCatCell.swift */,
				9E56273A1DF1C8AC00305554 /* UsefulFunctions.txt */,
			);
			path = CoreDataFuntimes;
			sourceTree = "<group>";
		};
/* End PBXGroup section */

/* Begin PBXNativeTarget section */
		9E6144C41DEE5EFE00E610A2 /* CoreDataFuntimes */ = {
			isa = PBXNativeTarget;
			buildConfigurationList = 9E6144D91DEE5EFE00E610A2 /* Build configuration list for PBXNativeTarget "CoreDataFuntimes" */;
			buildPhases = (
				9E6144C11DEE5EFE00E610A2 /* Sources */,
				9E6144C21DEE5EFE00E610A2 /* Frameworks */,
				9E6144C31DEE5EFE00E610A2 /* Resources */,
			);
			buildRules = (
			);
			dependencies = (
			);
			name = CoreDataFuntimes;
			productName = CoreDataFuntimes;
			productReference = 9E6144C51DEE5EFE00E610A2 /* CoreDataFuntimes.app */;
			productType = "com.apple.product-type.application";
		};
/* End PBXNativeTarget section */

/* Begin PBXProject section */
		9E6144BD1DEE5EFE00E610A2 /* Project object */ = {
			isa = PBXProject;
			attributes = {
				LastSwiftUpdateCheck = 0810;
				LastUpgradeCheck = 0810;
				ORGANIZATIONNAME = "Josie Bealle";
				TargetAttributes = {
					9E6144C41DEE5EFE00E610A2 = {
						CreatedOnToolsVersion = 8.1;
						ProvisioningStyle = Automatic;
					};
				};
			};
			buildConfigurationList = 9E6144C01DEE5EFE00E610A2 /* Build configuration list for PBXProject "CoreDataFuntimes" */;
			compatibilityVersion = "Xcode 3.2";
			developmentRegion = English;
			hasScannedForEncodings = 0;
			knownRegions = (
				en,
				Base,
			);
			mainGroup = 9E6144BC1DEE5EFE00E610A2;
			productRefGroup = 9E6144C61DEE5EFE00E610A2 /* Products */;
			projectDirPath = "";
			projectRoot = "";
			targets = (
				9E6144C41DEE5EFE00E610A2 /* CoreDataFuntimes */,
			);
		};
/* End PBXProject section */

/* Begin PBXResourcesBuildPhase section */
		9E6144C31DEE5EFE00E610A2 /* Resources */ = {
			isa = PBXResourcesBuildPhase;
			buildActionMask = 2147483647;
			files = (
				9E6144D51DEE5EFE00E610A2 /* LaunchScreen.storyboard in Resources */,
				9E6144D21DEE5EFE00E610A2 /* Assets.xcassets in Resources */,
				9E56273B1DF1C8AC00305554 /* UsefulFunctions.txt in Resources */,
				9E6144D01DEE5EFE00E610A2 /* Main.storyboard in Resources */,
			);
			runOnlyForDeploymentPostprocessing = 0;
		};
/* End PBXResourcesBuildPhase section */

/* Begin PBXSourcesBuildPhase section */
		9E6144C11DEE5EFE00E610A2 /* Sources */ = {
			isa = PBXSourcesBuildPhase;
			buildActionMask = 2147483647;
			files = (
				9E6144CD1DEE5EFE00E610A2 /* MyCatsViewController.swift in Sources */,
				9EC4EFFC1DEE748B00535A41 /* MyCatCell.swift in Sources */,
				9E6144C91DEE5EFE00E610A2 /* AppDelegate.swift in Sources */,
				9EC4F0051DEE9DBD00535A41 /* Model.xcdatamodeld in Sources */,
				9EC4EFFA1DEE6CE200535A41 /* CatDetailViewController.swift in Sources */,
				9E6144CB1DEE5EFE00E610A2 /* CatPhotosViewController.swift in Sources */,
				9E6144E01DEE626800E610A2 /* CatPhotoCell.swift in Sources */,
			);
			runOnlyForDeploymentPostprocessing = 0;
		};
/* End PBXSourcesBuildPhase section */

/* Begin PBXVariantGroup section */
		9E6144CE1DEE5EFE00E610A2 /* Main.storyboard */ = {
			isa = PBXVariantGroup;
			children = (
				9E6144CF1DEE5EFE00E610A2 /* Base */,
			);
			name = Main.storyboard;
			sourceTree = "<group>";
		};
		9E6144D31DEE5EFE00E610A2 /* LaunchScreen.storyboard */ = {
			isa = PBXVariantGroup;
			children = (
				9E6144D41DEE5EFE00E610A2 /* Base */,
			);
			name = LaunchScreen.storyboard;
			sourceTree = "<group>";
		};
/* End PBXVariantGroup section */

/* Begin XCBuildConfiguration section */
		9E6144D71DEE5EFE00E610A2 /* Debug */ = {
			isa = XCBuildConfiguration;
			buildSettings = {
				ALWAYS_SEARCH_USER_PATHS = NO;
				CLANG_ANALYZER_NONNULL = YES;
				CLANG_CXX_LANGUAGE_STANDARD = "gnu++0x";
				CLANG_CXX_LIBRARY = "libc++";
				CLANG_ENABLE_MODULES = YES;
				CLANG_ENABLE_OBJC_ARC = YES;
				CLANG_WARN_BOOL_CONVERSION = YES;
				CLANG_WARN_CONSTANT_CONVERSION = YES;
				CLANG_WARN_DIRECT_OBJC_ISA_USAGE = YES_ERROR;
				CLANG_WARN_DOCUMENTATION_COMMENTS = YES;
				CLANG_WARN_EMPTY_BODY = YES;
				CLANG_WARN_ENUM_CONVERSION = YES;
				CLANG_WARN_INFINITE_RECURSION = YES;
				CLANG_WARN_INT_CONVERSION = YES;
				CLANG_WARN_OBJC_ROOT_CLASS = YES_ERROR;
				CLANG_WARN_SUSPICIOUS_MOVES = YES;
				CLANG_WARN_UNREACHABLE_CODE = YES;
				CLANG_WARN__DUPLICATE_METHOD_MATCH = YES;
				"CODE_SIGN_IDENTITY[sdk=iphoneos*]" = "iPhone Developer";
				COPY_PHASE_STRIP = NO;
				DEBUG_INFORMATION_FORMAT = dwarf;
				ENABLE_STRICT_OBJC_MSGSEND = YES;
				ENABLE_TESTABILITY = YES;
				GCC_C_LANGUAGE_STANDARD = gnu99;
				GCC_DYNAMIC_NO_PIC = NO;
				GCC_NO_COMMON_BLOCKS = YES;
				GCC_OPTIMIZATION_LEVEL = 0;
				GCC_PREPROCESSOR_DEFINITIONS = (
					"DEBUG=1",
					"$(inherited)",
				);
				GCC_WARN_64_TO_32_BIT_CONVERSION = YES;
				GCC_WARN_ABOUT_RETURN_TYPE = YES_ERROR;
				GCC_WARN_UNDECLARED_SELECTOR = YES;
				GCC_WARN_UNINITIALIZED_AUTOS = YES_AGGRESSIVE;
				GCC_WARN_UNUSED_FUNCTION = YES;
				GCC_WARN_UNUSED_VARIABLE = YES;
				IPHONEOS_DEPLOYMENT_TARGET = 10.1;
				MTL_ENABLE_DEBUG_INFO = YES;
				ONLY_ACTIVE_ARCH = YES;
				SDKROOT = iphoneos;
				SWIFT_ACTIVE_COMPILATION_CONDITIONS = DEBUG;
				SWIFT_OPTIMIZATION_LEVEL = "-Onone";
			};
			name = Debug;
		};
		9E6144D81DEE5EFE00E610A2 /* Release */ = {
			isa = XCBuildConfiguration;
			buildSettings = {
				ALWAYS_SEARCH_USER_PATHS = NO;
				CLANG_ANALYZER_NONNULL = YES;
				CLANG_CXX_LANGUAGE_STANDARD = "gnu++0x";
				CLANG_CXX_LIBRARY = "libc++";
				CLANG_ENABLE_MODULES = YES;
				CLANG_ENABLE_OBJC_ARC = YES;
				CLANG_WARN_BOOL_CONVERSION = YES;
				CLANG_WARN_CONSTANT_CONVERSION = YES;
				CLANG_WARN_DIRECT_OBJC_ISA_USAGE = YES_ERROR;
				CLANG_WARN_DOCUMENTATION_COMMENTS = YES;
				CLANG_WARN_EMPTY_BODY = YES;
				CLANG_WARN_ENUM_CONVERSION = YES;
				CLANG_WARN_INFINITE_RECURSION = YES;
				CLANG_WARN_INT_CONVERSION = YES;
				CLANG_WARN_OBJC_ROOT_CLASS = YES_ERROR;
				CLANG_WARN_SUSPICIOUS_MOVES = YES;
				CLANG_WARN_UNREACHABLE_CODE = YES;
				CLANG_WARN__DUPLICATE_METHOD_MATCH = YES;
				"CODE_SIGN_IDENTITY[sdk=iphoneos*]" = "iPhone Developer";
				COPY_PHASE_STRIP = NO;
				DEBUG_INFORMATION_FORMAT = "dwarf-with-dsym";
				ENABLE_NS_ASSERTIONS = NO;
				ENABLE_STRICT_OBJC_MSGSEND = YES;
				GCC_C_LANGUAGE_STANDARD = gnu99;
				GCC_NO_COMMON_BLOCKS = YES;
				GCC_WARN_64_TO_32_BIT_CONVERSION = YES;
				GCC_WARN_ABOUT_RETURN_TYPE = YES_ERROR;
				GCC_WARN_UNDECLARED_SELECTOR = YES;
				GCC_WARN_UNINITIALIZED_AUTOS = YES_AGGRESSIVE;
				GCC_WARN_UNUSED_FUNCTION = YES;
				GCC_WARN_UNUSED_VARIABLE = YES;
				IPHONEOS_DEPLOYMENT_TARGET = 10.1;
				MTL_ENABLE_DEBUG_INFO = NO;
				SDKROOT = iphoneos;
				SWIFT_OPTIMIZATION_LEVEL = "-Owholemodule";
				VALIDATE_PRODUCT = YES;
			};
			name = Release;
		};
		9E6144DA1DEE5EFE00E610A2 /* Debug */ = {
			isa = XCBuildConfiguration;
			buildSettings = {
				ASSETCATALOG_COMPILER_APPICON_NAME = AppIcon;
				INFOPLIST_FILE = CoreDataFuntimes/Info.plist;
				LD_RUNPATH_SEARCH_PATHS = "$(inherited) @executable_path/Frameworks";
				PRODUCT_BUNDLE_IDENTIFIER = josie.CoreDataFuntimes;
				PRODUCT_NAME = "$(TARGET_NAME)";
				SWIFT_VERSION = 3.0;
			};
			name = Debug;
		};
		9E6144DB1DEE5EFE00E610A2 /* Release */ = {
			isa = XCBuildConfiguration;
			buildSettings = {
				ASSETCATALOG_COMPILER_APPICON_NAME = AppIcon;
				INFOPLIST_FILE = CoreDataFuntimes/Info.plist;
				LD_RUNPATH_SEARCH_PATHS = "$(inherited) @executable_path/Frameworks";
				PRODUCT_BUNDLE_IDENTIFIER = josie.CoreDataFuntimes;
				PRODUCT_NAME = "$(TARGET_NAME)";
				SWIFT_VERSION = 3.0;
			};
			name = Release;
		};
/* End XCBuildConfiguration section */

/* Begin XCConfigurationList section */
		9E6144C01DEE5EFE00E610A2 /* Build configuration list for PBXProject "CoreDataFuntimes" */ = {
			isa = XCConfigurationList;
			buildConfigurations = (
				9E6144D71DEE5EFE00E610A2 /* Debug */,
				9E6144D81DEE5EFE00E610A2 /* Release */,
			);
			defaultConfigurationIsVisible = 0;
			defaultConfigurationName = Release;
		};
		9E6144D91DEE5EFE00E610A2 /* Build configuration list for PBXNativeTarget "CoreDataFuntimes" */ = {
			isa = XCConfigurationList;
			buildConfigurations = (
				9E6144DA1DEE5EFE00E610A2 /* Debug */,
				9E6144DB1DEE5EFE00E610A2 /* Release */,
			);
			defaultConfigurationIsVisible = 0;
			defaultConfigurationName = Release;
		};
/* End XCConfigurationList section */

/* Begin XCVersionGroup section */
		9EC4F0031DEE9DBD00535A41 /* Model.xcdatamodeld */ = {
			isa = XCVersionGroup;
			children = (
				9EC4F0041DEE9DBD00535A41 /* Model.xcdatamodel */,
			);
			currentVersion = 9EC4F0041DEE9DBD00535A41 /* Model.xcdatamodel */;
			path = Model.xcdatamodeld;
			sourceTree = "<group>";
			versionGroupType = wrapper.xcdatamodel;
		};
/* End XCVersionGroup section */
	};
	rootObject = 9E6144BD1DEE5EFE00E610A2 /* Project object */;
}
